lockfileVersion: '6.0'

settings:
  autoInstallPeers: true
  excludeLinksFromLockfile: false

dependencies:
  '@hono/node-server':
    specifier: ^1.11.1
    version: 1.11.1
  hono:
    specifier: ^4.3.11
    version: 4.3.11

devDependencies:
  '@napi-rs/canvas':
    specifier: ^0.1.52
    version: 0.1.52

packages:

  /@hono/node-server@1.11.1:
    resolution: {integrity: sha512-GW1Iomhmm1o4Z+X57xGby8A35Cu9UZLL7pSMdqDBkD99U5cywff8F+8hLk5aBTzNubnsFAvWQ/fZjNwPsEn9lA==}
    engines: {node: '>=18.14.1'}
    dev: false

  /@napi-rs/canvas-android-arm64@0.1.52:
    resolution: {integrity: sha512-x/K471KbASPVh5mfBUxokza66J0FNIlOgMNANWAf5C8HiATb487KecEhSkUQvvTS3WLYC9uSqIPHFgwF+tir3w==}
    engines: {node: '>= 10'}
    cpu: [arm64]
    os: [android]
    requiresBuild: true
    dev: true
    optional: true

  /@napi-rs/canvas-darwin-arm64@0.1.52:
    resolution: {integrity: sha512-4OgVRD7TW02q5Q7lWLLjT+pYJ9ZHkQUTBOuXbPQ5wB0Wnh3RIq/aMY6thoXDZDzdR5vV3a5TUtbZUJ0aqLq3NA==}
    engines: {node: '>= 10'}
    cpu: [arm64]
    os: [darwin]
    requiresBuild: true
    dev: true
    optional: true

  /@napi-rs/canvas-darwin-x64@0.1.52:
    resolution: {integrity: sha512-3fgeGJ3j2X6Mtmn0QYf3iA+A6y1ePnsayakc2emEokzf03ErrPczONw3vjnTQo53JLPMzEnfPGAffdktU/ssPA==}
    engines: {node: '>= 10'}
    cpu: [x64]
    os: [darwin]
    requiresBuild: true
    dev: true
    optional: true

  /@napi-rs/canvas-linux-arm-gnueabihf@0.1.52:
    resolution: {integrity: sha512-aaDEEK5XwHUrPt0q4SR8l7Va0vtn50KmSs+itxP+o7RNk3Nuch8fINHOXyhMyhwNYgv1tfiJVyHsJhD0E6lXGA==}
    engines: {node: '>= 10'}
    cpu: [arm]
    os: [linux]
    requiresBuild: true
    dev: true
    optional: true

  /@napi-rs/canvas-linux-arm64-gnu@0.1.52:
    resolution: {integrity: sha512-tzuwM7Amt5mkrp4csQjYWkFzwFdiCm7RNdJ5usX8syzKSXmozqWzLHjzo/2ozdSQNUy6wyzRrxkG4Rh6g0OpOA==}
    engines: {node: '>= 10'}
    cpu: [arm64]
    os: [linux]
    requiresBuild: true
    dev: true
    optional: true

  /@napi-rs/canvas-linux-arm64-musl@0.1.52:
    resolution: {integrity: sha512-HQCtJlDT0dFp3uUZVzZOZ1VLMO7lbLRc548MjMxPpojit2ZdGopFzJ8jDSr4iszHrTO1SM1AxPaCM3pRvCAtjw==}
    engines: {node: '>= 10'}
    cpu: [arm64]
    os: [linux]
    requiresBuild: true
    dev: true
    optional: true

  /@napi-rs/canvas-linux-x64-gnu@0.1.52:
    resolution: {integrity: sha512-z5sBEw0PVWPH/MIQL8hOR8C3YYVlu8lqtRUcYajigMfXAhbMiNqDWTjuIWGMz3nIydDjZmn8KTxw/D4a0HFPqQ==}
    engines: {node: '>= 10'}
    cpu: [x64]
    os: [linux]
    requiresBuild: true
    dev: true
    optional: true

  /@napi-rs/canvas-linux-x64-musl@0.1.52:
    resolution: {integrity: sha512-G1+JdWFhHLyHhULJS51xTEhB7EL0ZiAUQwQaRi4/w75OOYDQ91O+o4miaxDHiV0hZuxBhHtZU6ftV2Zl3RMguw==}
    engines: {node: '>= 10'}
    cpu: [x64]
    os: [linux]
    requiresBuild: true
    dev: true
    optional: true

  /@napi-rs/canvas-win32-x64-msvc@0.1.52:
    resolution: {integrity: sha512-hMI626VsCC/wv29qHF78N7TSG+auatOp08DHln0Zdif5y1NJ14NU/rNUhzlTW8Zc6ssw+AMDJ3KKYYWYYg1aoA==}
    engines: {node: '>= 10'}
    cpu: [x64]
    os: [win32]
    requiresBuild: true
    dev: true
    optional: true

  /@napi-rs/canvas@0.1.52:
    resolution: {integrity: sha512-xeW9EghZLDPZuqWJ4l1+eG3ld0i9J7SpV2zlgi34MPt/FE9K2XWGCfnLr0gHGOBkcI3YOVhI13I0HqRAkMPdVw==}
    engines: {node: '>= 10'}
    optionalDependencies:
      '@napi-rs/canvas-android-arm64': 0.1.52
      '@napi-rs/canvas-darwin-arm64': 0.1.52
      '@napi-rs/canvas-darwin-x64': 0.1.52
      '@napi-rs/canvas-linux-arm-gnueabihf': 0.1.52
      '@napi-rs/canvas-linux-arm64-gnu': 0.1.52
      '@napi-rs/canvas-linux-arm64-musl': 0.1.52
      '@napi-rs/canvas-linux-x64-gnu': 0.1.52
      '@napi-rs/canvas-linux-x64-musl': 0.1.52
      '@napi-rs/canvas-win32-x64-msvc': 0.1.52
    dev: true

  /hono@4.3.11:
    resolution: {integrity: sha512-Hle1uNqJJKkebFkFEEWr3UAElJP922Xy0STfl8c+1PH1q+l6WrmhwAJFS6YH8ZWJY4z46qJtssbyVwwPm3dP5w==}
    engines: {node: '>=16.0.0'}
    dev: false
